
Microsoft Visual Studio Solution File, Format Version 12.00
# Visual Studio 2013
VisualStudioVersion = 12.0.31101.0
MinimumVisualStudioVersion = 10.0.40219.1
Project("{FAE04EC0-301F-11D3-BF4B-00C04F79EFBC}") = "CSToolsLib", "CSToolsLib.csproj", "{14046042-F1D8-435D-83B1-9A5EAAAF7D25}"
EndProject
Global
	GlobalSection(SolutionConfigurationPlatforms) = preSolution
		Debug|Any CPU = Debug|Any CPU
		Release|Any CPU = Release|Any CPU
	EndGlobalSection
	GlobalSection(ProjectConfigurationPlatforms) = postSolution
		{14046042-F1D8-435D-83B1-9A5EAAAF7D25}.Debug|Any CPU.ActiveCfg = Debug|Any CPU
		{14046042-F1D8-435D-83B1-9A5EAAAF7D25}.Debug|Any CPU.Build.0 = Debug|Any CPU
		{14046042-F1D8-435D-83B1-9A5EAAAF7D25}.Release|Any CPU.ActiveCfg = Release|Any CPU
		{14046042-F1D8-435D-83B1-9A5EAAAF7D25}.Release|Any CPU.Build.0 = Release|Any CPU
	EndGlobalSection
	GlobalSection(SolutionProperties) = preSolution
		HideSolutionNode = FALSE
	EndGlobalSection
EndGlobal
